
Microsoft Visual Studio Solution File, Format Version 12.00
# Visual Studio 15
VisualStudioVersion = 15.0.28307.1259
MinimumVisualStudioVersion = 10.0.40219.1
Project("{E24C65DC-7377-472B-9ABA-BC803B73C61A}") = "FJ2", "FJ2\", "{40B08B03-A1CC-4E6E-ADC6-A5857B72A798}"
	ProjectSection(WebsiteProperties) = preProject
		TargetFrameworkMoniker = ".NETFramework,Version%3Dv4.7.2"
		Debug.AspNetCompiler.VirtualPath = "/localhost_54634"
		Debug.AspNetCompiler.PhysicalPath = "FJ2\"
		Debug.AspNetCompiler.TargetPath = "PrecompiledWeb\localhost_54634\"
		Debug.AspNetCompiler.Updateable = "true"
		Debug.AspNetCompiler.ForceOverwrite = "true"
		Debug.AspNetCompiler.FixedNames = "false"
		Debug.AspNetCompiler.Debug = "True"
		Release.AspNetCompiler.VirtualPath = "/localhost_54634"
		Release.AspNetCompiler.PhysicalPath = "FJ2\"
		Release.AspNetCompiler.TargetPath = "PrecompiledWeb\localhost_54634\"
		Release.AspNetCompiler.Updateable = "true"
		Release.AspNetCompiler.ForceOverwrite = "true"
		Release.AspNetCompiler.FixedNames = "false"
		Release.AspNetCompiler.Debug = "False"
		VWDPort = "54634"
		SlnRelativePath = "FJ2\"
		DefaultWebSiteLanguage = "Visual C#"
	EndProjectSection
EndProject
Global
	GlobalSection(SolutionConfigurationPlatforms) = preSolution
		Debug|Any CPU = Debug|Any CPU
	EndGlobalSection
	GlobalSection(ProjectConfigurationPlatforms) = postSolution
		{40B08B03-A1CC-4E6E-ADC6-A5857B72A798}.Debug|Any CPU.ActiveCfg = Debug|Any CPU
		{40B08B03-A1CC-4E6E-ADC6-A5857B72A798}.Debug|Any CPU.Build.0 = Debug|Any CPU
	EndGlobalSection
	GlobalSection(SolutionProperties) = preSolution
		HideSolutionNode = FALSE
	EndGlobalSection
	GlobalSection(ExtensibilityGlobals) = postSolution
		SolutionGuid = {25EE8B93-531C-41EE-944B-7A1AFF22FC6E}
	EndGlobalSection
EndGlobal
